
Microsoft Visual Studio Solution File, Format Version 12.00
# Visual Studio 2012
Project("{FAE04EC0-301F-11D3-BF4B-00C04F79EFBC}") = "Space", "Zadania2\Space.csproj", "{75B23495-B07A-44CE-A987-0335DE930ECD}"
EndProject
Global
	GlobalSection(SolutionConfigurationPlatforms) = preSolution
		Debug|Any CPU = Debug|Any CPU
		Release|Any CPU = Release|Any CPU
	EndGlobalSection
	GlobalSection(ProjectConfigurationPlatforms) = postSolution
		{75B23495-B07A-44CE-A987-0335DE930ECD}.Debug|Any CPU.ActiveCfg = Debug|Any CPU
		{75B23495-B07A-44CE-A987-0335DE930ECD}.Debug|Any CPU.Build.0 = Debug|Any CPU
		{75B23495-B07A-44CE-A987-0335DE930ECD}.Release|Any CPU.ActiveCfg = Release|Any CPU
		{75B23495-B07A-44CE-A987-0335DE930ECD}.Release|Any CPU.Build.0 = Release|Any CPU
	EndGlobalSection
	GlobalSection(SolutionProperties) = preSolution
		HideSolutionNode = FALSE
	EndGlobalSection
EndGlobal
